{
  "requires": true,
  "lockfileVersion": 1,
  "dependencies": {
    "chartjs-plugin-regression": {
      "version": "0.2.1",
      "resolved": "https://registry.npmjs.org/chartjs-plugin-regression/-/chartjs-plugin-regression-0.2.1.tgz",
      "integrity": "sha512-87LCN1J9KeQlPRpdSUU3YOcOHUtfTTCOJXUuBAXuc8VVlKQjZdq7M9j60d4/juaHWxcGE7uGeUAnye2/FdtjJw==",
      "requires": {
        "regression": "^2.0.1"
      }
    },
    "regression": {
      "version": "2.0.1",
      "resolved": "https://registry.npmjs.org/regression/-/regression-2.0.1.tgz",
      "integrity": "sha1-jSnD6CJKEIUMNeM36FqLL6w7DIc="
    }
  }
}
